<?xml version="1.0" encoding="UTF-8" standalone="yes" ?>
<CodeBlocks_project_file>
	<FileVersion major="1" minor="6" />
	<Project>
		<Option title="tpFINAL_ANDA" />
		<Option pch_mode="2" />
		<Option compiler="gcc" />
		<Build>
			<Target title="Debug">
				<Option output="bin/Debug/tpFINAL_ANDA" prefix_auto="1" extension_auto="1" />
				<Option object_output="obj/Debug/" />
				<Option type="1" />
				<Option compiler="gcc" />
				<Compiler>
					<Add option="-g" />
				</Compiler>
			</Target>
			<Target title="Release">
				<Option output="bin/Release/tpFINAL_ANDA" prefix_auto="1" extension_auto="1" />
				<Option object_output="obj/Release/" />
				<Option type="1" />
				<Option compiler="gcc" />
				<Compiler>
					<Add option="-O2" />
				</Compiler>
				<Linker>
					<Add option="-s" />
				</Linker>
			</Target>
		</Build>
		<Compiler>
			<Add option="-Wall" />
		</Compiler>
		<Unit filename="adlUsuarios.c">
			<Option compilerVar="CC" />
		</Unit>
		<Unit filename="adlUsuarios.h" />
		<Unit filename="arbolContenido.c">
			<Option compilerVar="CC" />
		</Unit>
		<Unit filename="arbolContenido.h" />
		<Unit filename="listaContenido.c">
			<Option compilerVar="CC" />
		</Unit>
		<Unit filename="listaContenido.h" />
		<Unit filename="main.c">
			<Option compilerVar="CC" />
		</Unit>
		<Unit filename="stCategoria.c">
			<Option compilerVar="CC" />
		</Unit>
		<Unit filename="stCategoria.h" />
		<Unit filename="stContenido.c">
			<Option compilerVar="CC" />
		</Unit>
		<Unit filename="stContenido.h" />
		<Unit filename="stFavorito.c">
			<Option compilerVar="CC" />
		</Unit>
		<Unit filename="stFavorito.h" />
		<Unit filename="stMensajeria.c">
			<Option compilerVar="CC" />
		</Unit>
		<Unit filename="stMensajeria.h" />
		<Unit filename="stUsuario.c">
			<Option compilerVar="CC" />
		</Unit>
		<Unit filename="stUsuario.h" />
		<Extensions>
			<code_completion />
			<envvars />
			<debugger />
		</Extensions>
	</Project>
</CodeBlocks_project_file>
